
Microsoft Visual Studio Solution File, Format Version 12.00
# Visual Studio Version 16
VisualStudioVersion = 16.0.30907.101
MinimumVisualStudioVersion = 10.0.40219.1
Project("{FAE04EC0-301F-11D3-BF4B-00C04F79EFBC}") = "AtelierAuto", "AtelierAuto.csproj", "{372A5195-D038-4F10-B569-6BA3033CFC10}"
EndProject
Global
	GlobalSection(SolutionConfigurationPlatforms) = preSolution
		Debug|Any CPU = Debug|Any CPU
		Release|Any CPU = Release|Any CPU
	EndGlobalSection
	GlobalSection(ProjectConfigurationPlatforms) = postSolution
		{372A5195-D038-4F10-B569-6BA3033CFC10}.Debug|Any CPU.ActiveCfg = Debug|Any CPU
		{372A5195-D038-4F10-B569-6BA3033CFC10}.Debug|Any CPU.Build.0 = Debug|Any CPU
		{372A5195-D038-4F10-B569-6BA3033CFC10}.Release|Any CPU.ActiveCfg = Release|Any CPU
		{372A5195-D038-4F10-B569-6BA3033CFC10}.Release|Any CPU.Build.0 = Release|Any CPU
	EndGlobalSection
	GlobalSection(SolutionProperties) = preSolution
		HideSolutionNode = FALSE
	EndGlobalSection
	GlobalSection(ExtensibilityGlobals) = postSolution
		SolutionGuid = {99F6D378-076C-4E14-8A60-592632337487}
	EndGlobalSection
EndGlobal
